
Microsoft Visual Studio Solution File, Format Version 12.00
# Visual Studio Version 17
VisualStudioVersion = 17.7.34031.279
MinimumVisualStudioVersion = 10.0.40219.1
Project("{9A19103F-16F7-4668-BE54-9A1E7A4F7556}") = "OpticMoney", "OpticMoney\OpticMoney.csproj", "{5AB266A3-86D4-42D7-AB92-BA8FCB636796}"
EndProject
Project("{FAE04EC0-301F-11D3-BF4B-00C04F79EFBC}") = "OpticMoneyWeb", "OpticMoneyWeb\OpticMoneyWeb.csproj", "{F01A1F47-4EE6-4670-8937-B98027F48B99}"
EndProject
Project("{FAE04EC0-301F-11D3-BF4B-00C04F79EFBC}") = "RazorClassLibrary", "RazorClassLibrary\RazorClassLibrary.csproj", "{E8947EBA-FF49-46BA-95F5-BADB64A82CE5}"
EndProject
Global
	GlobalSection(SolutionConfigurationPlatforms) = preSolution
		Debug|Any CPU = Debug|Any CPU
		Release|Any CPU = Release|Any CPU
	EndGlobalSection
	GlobalSection(ProjectConfigurationPlatforms) = postSolution
		{5AB266A3-86D4-42D7-AB92-BA8FCB636796}.Debug|Any CPU.ActiveCfg = Debug|Any CPU
		{5AB266A3-86D4-42D7-AB92-BA8FCB636796}.Debug|Any CPU.Build.0 = Debug|Any CPU
		{5AB266A3-86D4-42D7-AB92-BA8FCB636796}.Debug|Any CPU.Deploy.0 = Debug|Any CPU
		{5AB266A3-86D4-42D7-AB92-BA8FCB636796}.Release|Any CPU.ActiveCfg = Release|Any CPU
		{5AB266A3-86D4-42D7-AB92-BA8FCB636796}.Release|Any CPU.Build.0 = Release|Any CPU
		{5AB266A3-86D4-42D7-AB92-BA8FCB636796}.Release|Any CPU.Deploy.0 = Release|Any CPU
		{F01A1F47-4EE6-4670-8937-B98027F48B99}.Debug|Any CPU.ActiveCfg = Debug|Any CPU
		{F01A1F47-4EE6-4670-8937-B98027F48B99}.Debug|Any CPU.Build.0 = Debug|Any CPU
		{F01A1F47-4EE6-4670-8937-B98027F48B99}.Release|Any CPU.ActiveCfg = Release|Any CPU
		{F01A1F47-4EE6-4670-8937-B98027F48B99}.Release|Any CPU.Build.0 = Release|Any CPU
		{E8947EBA-FF49-46BA-95F5-BADB64A82CE5}.Debug|Any CPU.ActiveCfg = Debug|Any CPU
		{E8947EBA-FF49-46BA-95F5-BADB64A82CE5}.Debug|Any CPU.Build.0 = Debug|Any CPU
		{E8947EBA-FF49-46BA-95F5-BADB64A82CE5}.Release|Any CPU.ActiveCfg = Release|Any CPU
		{E8947EBA-FF49-46BA-95F5-BADB64A82CE5}.Release|Any CPU.Build.0 = Release|Any CPU
	EndGlobalSection
	GlobalSection(SolutionProperties) = preSolution
		HideSolutionNode = FALSE
	EndGlobalSection
	GlobalSection(ExtensibilityGlobals) = postSolution
		SolutionGuid = {17777F29-AC21-4CB6-B02B-857173561E03}
	EndGlobalSection
EndGlobal
